// !$*UTF8*$!
{
	archiveVersion = 1;
	classes = {
	};
	objectVersion = 77;
	objects = {

/* Begin PBXBuildFile section */
		420B4C792E359EF2006DD68B /* MLXEmbedders in Frameworks */ = {isa = PBXBuildFile; productRef = 420B4C782E359EF2006DD68B /* MLXEmbedders */; };
		420B4C7B2E359EF2006DD68B /* MLXLLM in Frameworks */ = {isa = PBXBuildFile; productRef = 420B4C7A2E359EF2006DD68B /* MLXLLM */; };
		420B4C7D2E359EF2006DD68B /* MLXLMCommon in Frameworks */ = {isa = PBXBuildFile; productRef = 420B4C7C2E359EF2006DD68B /* MLXLMCommon */; };
		420B4C7F2E359EF2006DD68B /* MLXMNIST in Frameworks */ = {isa = PBXBuildFile; productRef = 420B4C7E2E359EF2006DD68B /* MLXMNIST */; };
		420B4C812E359EF2006DD68B /* MLXVLM in Frameworks */ = {isa = PBXBuildFile; productRef = 420B4C802E359EF2006DD68B /* MLXVLM */; };
		42273DBD2E36291F008B39AE /* TPPDF in Frameworks */ = {isa = PBXBuildFile; productRef = 42273DBC2E36291F008B39AE /* TPPDF */; };
		4249BA0A2E35C5FE003B1CB5 /* MarkdownUI in Frameworks */ = {isa = PBXBuildFile; productRef = 4249BA092E35C5FE003B1CB5 /* MarkdownUI */; };
		42B76F192E44051C000085D5 /* AIProxy in Frameworks */ = {isa = PBXBuildFile; productRef = 42B76F182E44051C000085D5 /* AIProxy */; };
/* End PBXBuildFile section */

/* Begin PBXFileReference section */
		420B4BC92E359240006DD68B /* ResumeCraft.app */ = {isa = PBXFileReference; explicitFileType = wrapper.application; includeInIndex = 0; path = ResumeCraft.app; sourceTree = BUILT_PRODUCTS_DIR; };
/* End PBXFileReference section */

/* Begin PBXFileSystemSynchronizedBuildFileExceptionSet section */
		420B4BD62E359241006DD68B /* Exceptions for "ResumeCraft" folder in "ResumeCraft" target */ = {
			isa = PBXFileSystemSynchronizedBuildFileExceptionSet;
			membershipExceptions = (
				Info.plist,
			);
			target = 420B4BC82E359240006DD68B /* ResumeCraft */;
		};
/* End PBXFileSystemSynchronizedBuildFileExceptionSet section */

/* Begin PBXFileSystemSynchronizedRootGroup section */
		420B4BCB2E359240006DD68B /* ResumeCraft */ = {
			isa = PBXFileSystemSynchronizedRootGroup;
			exceptions = (
				420B4BD62E359241006DD68B /* Exceptions for "ResumeCraft" folder in "ResumeCraft" target */,
			);
			path = ResumeCraft;
			sourceTree = "<group>";
		};
/* End PBXFileSystemSynchronizedRootGroup section */

/* Begin PBXFrameworksBuildPhase section */
		420B4BC62E359240006DD68B /* Frameworks */ = {
			isa = PBXFrameworksBuildPhase;
			buildActionMask = 2147483647;
			files = (
				420B4C812E359EF2006DD68B /* MLXVLM in Frameworks */,
				420B4C7F2E359EF2006DD68B /* MLXMNIST in Frameworks */,
				420B4C7B2E359EF2006DD68B /* MLXLLM in Frameworks */,
				42B76F192E44051C000085D5 /* AIProxy in Frameworks */,
				4249BA0A2E35C5FE003B1CB5 /* MarkdownUI in Frameworks */,
				42273DBD2E36291F008B39AE /* TPPDF in Frameworks */,
				420B4C7D2E359EF2006DD68B /* MLXLMCommon in Frameworks */,
				420B4C792E359EF2006DD68B /* MLXEmbedders in Frameworks */,
			);
			runOnlyForDeploymentPostprocessing = 0;
		};
/* End PBXFrameworksBuildPhase section */

/* Begin PBXGroup section */
		420B4BC02E359240006DD68B = {
			isa = PBXGroup;
			children = (
				420B4BCB2E359240006DD68B /* ResumeCraft */,
				420B4BCA2E359240006DD68B /* Products */,
			);
			sourceTree = "<group>";
		};
		420B4BCA2E359240006DD68B /* Products */ = {
			isa = PBXGroup;
			children = (
				420B4BC92E359240006DD68B /* ResumeCraft.app */,
			);
			name = Products;
			sourceTree = "<group>";
		};
/* End PBXGroup section */

/* Begin PBXNativeTarget section */
		420B4BC82E359240006DD68B /* ResumeCraft */ = {
			isa = PBXNativeTarget;
			buildConfigurationList = 420B4BD72E359241006DD68B /* Build configuration list for PBXNativeTarget "ResumeCraft" */;
			buildPhases = (
				420B4BC52E359240006DD68B /* Sources */,
				420B4BC62E359240006DD68B /* Frameworks */,
				420B4BC72E359240006DD68B /* Resources */,
			);
			buildRules = (
			);
			dependencies = (
			);
			fileSystemSynchronizedGroups = (
				420B4BCB2E359240006DD68B /* ResumeCraft */,
			);
			name = ResumeCraft;
			packageProductDependencies = (
				420B4C782E359EF2006DD68B /* MLXEmbedders */,
				420B4C7A2E359EF2006DD68B /* MLXLLM */,
				420B4C7C2E359EF2006DD68B /* MLXLMCommon */,
				420B4C7E2E359EF2006DD68B /* MLXMNIST */,
				420B4C802E359EF2006DD68B /* MLXVLM */,
				4249BA092E35C5FE003B1CB5 /* MarkdownUI */,
				42273DBC2E36291F008B39AE /* TPPDF */,
				42B76F182E44051C000085D5 /* AIProxy */,
			);
			productName = ResumeCraft;
			productReference = 420B4BC92E359240006DD68B /* ResumeCraft.app */;
			productType = "com.apple.product-type.application";
		};
/* End PBXNativeTarget section */

/* Begin PBXProject section */
		420B4BC12E359240006DD68B /* Project object */ = {
			isa = PBXProject;
			attributes = {
				BuildIndependentTargetsInParallel = 1;
				LastSwiftUpdateCheck = 1640;
				LastUpgradeCheck = 2620;
				TargetAttributes = {
					420B4BC82E359240006DD68B = {
						CreatedOnToolsVersion = 16.4;
					};
				};
			};
			buildConfigurationList = 420B4BC42E359240006DD68B /* Build configuration list for PBXProject "ResumeCraft" */;
			developmentRegion = de;
			hasScannedForEncodings = 0;
			knownRegions = (
				en,
				Base,
				de,
			);
			mainGroup = 420B4BC02E359240006DD68B;
			minimizedProjectReferenceProxies = 1;
			packageReferences = (
				420B4C772E359EF2006DD68B /* XCRemoteSwiftPackageReference "mlx-swift-examples" */,
				4249BA082E35C5FE003B1CB5 /* XCRemoteSwiftPackageReference "swift-markdown-ui" */,
				42273DBB2E36291F008B39AE /* XCRemoteSwiftPackageReference "tppdf" */,
				42B76F172E44051C000085D5 /* XCRemoteSwiftPackageReference "aiproxyswift" */,
			);
			preferredProjectObjectVersion = 77;
			productRefGroup = 420B4BCA2E359240006DD68B /* Products */;
			projectDirPath = "";
			projectRoot = "";
			targets = (
				420B4BC82E359240006DD68B /* ResumeCraft */,
			);
		};
/* End PBXProject section */

/* Begin PBXResourcesBuildPhase section */
		420B4BC72E359240006DD68B /* Resources */ = {
			isa = PBXResourcesBuildPhase;
			buildActionMask = 2147483647;
			files = (
			);
			runOnlyForDeploymentPostprocessing = 0;
		};
/* End PBXResourcesBuildPhase section */

/* Begin PBXSourcesBuildPhase section */
		420B4BC52E359240006DD68B /* Sources */ = {
			isa = PBXSourcesBuildPhase;
			buildActionMask = 2147483647;
			files = (
			);
			runOnlyForDeploymentPostprocessing = 0;
		};
/* End PBXSourcesBuildPhase section */

/* Begin XCBuildConfiguration section */
		420B4BD82E359241006DD68B /* Debug */ = {
			isa = XCBuildConfiguration;
			buildSettings = {
				ASSETCATALOG_COMPILER_APPICON_NAME = ResumeCraft;
				ASSETCATALOG_COMPILER_GLOBAL_ACCENT_COLOR_NAME = AccentColor;
				ASSETCATALOG_COMPILER_INCLUDE_ALL_APPICON_ASSETS = YES;
				CODE_SIGN_ENTITLEMENTS = ResumeCraft/ResumeCraft.entitlements;
				CODE_SIGN_STYLE = Automatic;
				CURRENT_PROJECT_VERSION = 8;
				DEAD_CODE_STRIPPING = YES;
				DEVELOPMENT_TEAM = MK2V998W66;
				ENABLE_APP_SANDBOX = YES;
				ENABLE_HARDENED_RUNTIME = YES;
				ENABLE_PREVIEWS = YES;
				ENABLE_USER_SELECTED_FILES = readonly;
				GENERATE_INFOPLIST_FILE = YES;
				INFOPLIST_FILE = ResumeCraft/Info.plist;
				INFOPLIST_KEY_CFBundleDisplayName = "ResumeCraft Arya";
				"INFOPLIST_KEY_UIApplicationSceneManifest_Generation[sdk=iphoneos*]" = YES;
				"INFOPLIST_KEY_UIApplicationSceneManifest_Generation[sdk=iphonesimulator*]" = YES;
				"INFOPLIST_KEY_UIApplicationSupportsIndirectInputEvents[sdk=iphoneos*]" = YES;
				"INFOPLIST_KEY_UIApplicationSupportsIndirectInputEvents[sdk=iphonesimulator*]" = YES;
				"INFOPLIST_KEY_UILaunchScreen_Generation[sdk=iphoneos*]" = YES;
				"INFOPLIST_KEY_UILaunchScreen_Generation[sdk=iphonesimulator*]" = YES;
				"INFOPLIST_KEY_UIStatusBarStyle[sdk=iphoneos*]" = UIStatusBarStyleDefault;
				"INFOPLIST_KEY_UIStatusBarStyle[sdk=iphonesimulator*]" = UIStatusBarStyleDefault;
				INFOPLIST_KEY_UISupportedInterfaceOrientations_iPad = "UIInterfaceOrientationPortrait UIInterfaceOrientationPortraitUpsideDown UIInterfaceOrientationLandscapeLeft UIInterfaceOrientationLandscapeRight";
				INFOPLIST_KEY_UISupportedInterfaceOrientations_iPhone = "UIInterfaceOrientationPortrait UIInterfaceOrientationLandscapeLeft UIInterfaceOrientationLandscapeRight";
				IPHONEOS_DEPLOYMENT_TARGET = 26.0;
				LD_RUNPATH_SEARCH_PATHS = "@executable_path/Frameworks";
				"LD_RUNPATH_SEARCH_PATHS[sdk=macosx*]" = "@executable_path/../Frameworks";
				MACOSX_DEPLOYMENT_TARGET = 14.0;
				MARKETING_VERSION = 1.3;
				PRODUCT_BUNDLE_IDENTIFIER = com.aryamirsepasi.AryaResumeCraft;
				PRODUCT_NAME = "$(TARGET_NAME)";
				REGISTER_APP_GROUPS = YES;
				SDKROOT = auto;
				SUPPORTED_PLATFORMS = "iphoneos iphonesimulator";
				SUPPORTS_MACCATALYST = NO;
				SUPPORTS_MAC_DESIGNED_FOR_IPHONE_IPAD = YES;
				SWIFT_EMIT_LOC_STRINGS = YES;
				SWIFT_VERSION = 5.0;
				TARGETED_DEVICE_FAMILY = "1,2";
				XROS_DEPLOYMENT_TARGET = 26.0;
			};
			name = Debug;
		};
		420B4BD92E359241006DD68B /* Release */ = {
			isa = XCBuildConfiguration;
			buildSettings = {
				ASSETCATALOG_COMPILER_APPICON_NAME = ResumeCraft;
				ASSETCATALOG_COMPILER_GLOBAL_ACCENT_COLOR_NAME = AccentColor;
				ASSETCATALOG_COMPILER_INCLUDE_ALL_APPICON_ASSETS = YES;
				CODE_SIGN_ENTITLEMENTS = ResumeCraft/ResumeCraft.entitlements;
				CODE_SIGN_STYLE = Automatic;
				CURRENT_PROJECT_VERSION = 8;
				DEAD_CODE_STRIPPING = YES;
				DEVELOPMENT_TEAM = MK2V998W66;
				ENABLE_APP_SANDBOX = YES;
				ENABLE_HARDENED_RUNTIME = YES;
				ENABLE_PREVIEWS = YES;
				ENABLE_USER_SELECTED_FILES = readonly;
				GENERATE_INFOPLIST_FILE = YES;
				INFOPLIST_FILE = ResumeCraft/Info.plist;
				INFOPLIST_KEY_CFBundleDisplayName = "ResumeCraft Arya";
				"INFOPLIST_KEY_UIApplicationSceneManifest_Generation[sdk=iphoneos*]" = YES;
				"INFOPLIST_KEY_UIApplicationSceneManifest_Generation[sdk=iphonesimulator*]" = YES;
				"INFOPLIST_KEY_UIApplicationSupportsIndirectInputEvents[sdk=iphoneos*]" = YES;
				"INFOPLIST_KEY_UIApplicationSupportsIndirectInputEvents[sdk=iphonesimulator*]" = YES;
				"INFOPLIST_KEY_UILaunchScreen_Generation[sdk=iphoneos*]" = YES;
				"INFOPLIST_KEY_UILaunchScreen_Generation[sdk=iphonesimulator*]" = YES;
				"INFOPLIST_KEY_UIStatusBarStyle[sdk=iphoneos*]" = UIStatusBarStyleDefault;
				"INFOPLIST_KEY_UIStatusBarStyle[sdk=iphonesimulator*]" = UIStatusBarStyleDefault;
				INFOPLIST_KEY_UISupportedInterfaceOrientations_iPad = "UIInterfaceOrientationPortrait UIInterfaceOrientationPortraitUpsideDown UIInterfaceOrientationLandscapeLeft UIInterfaceOrientationLandscapeRight";
				INFOPLIST_KEY_UISupportedInterfaceOrientations_iPhone = "UIInterfaceOrientationPortrait UIInterfaceOrientationLandscapeLeft UIInterfaceOrientationLandscapeRight";
				IPHONEOS_DEPLOYMENT_TARGET = 26.0;
				LD_RUNPATH_SEARCH_PATHS = "@executable_path/Frameworks";
				"LD_RUNPATH_SEARCH_PATHS[sdk=macosx*]" = "@executable_path/../Frameworks";
				MACOSX_DEPLOYMENT_TARGET = 14.0;
				MARKETING_VERSION = 1.3;
				PRODUCT_BUNDLE_IDENTIFIER = com.aryamirsepasi.AryaResumeCraft;
				PRODUCT_NAME = "$(TARGET_NAME)";
				REGISTER_APP_GROUPS = YES;
				SDKROOT = auto;
				SUPPORTED_PLATFORMS = "iphoneos iphonesimulator";
				SUPPORTS_MACCATALYST = NO;
				SUPPORTS_MAC_DESIGNED_FOR_IPHONE_IPAD = YES;
				SWIFT_EMIT_LOC_STRINGS = YES;
				SWIFT_VERSION = 5.0;
				TARGETED_DEVICE_FAMILY = "1,2";
				XROS_DEPLOYMENT_TARGET = 26.0;
			};
			name = Release;
		};
		420B4BDA2E359241006DD68B /* Debug */ = {
			isa = XCBuildConfiguration;
			buildSettings = {
				ALWAYS_SEARCH_USER_PATHS = NO;
				ASSETCATALOG_COMPILER_GENERATE_SWIFT_ASSET_SYMBOL_EXTENSIONS = YES;
				CLANG_ANALYZER_LOCALIZABILITY_NONLOCALIZED = YES;
				CLANG_ANALYZER_NONNULL = YES;
				CLANG_ANALYZER_NUMBER_OBJECT_CONVERSION = YES_AGGRESSIVE;
				CLANG_CXX_LANGUAGE_STANDARD = "gnu++20";
				CLANG_ENABLE_MODULES = YES;
				CLANG_ENABLE_OBJC_ARC = YES;
				CLANG_ENABLE_OBJC_WEAK = YES;
				CLANG_WARN_BLOCK_CAPTURE_AUTORELEASING = YES;
				CLANG_WARN_BOOL_CONVERSION = YES;
				CLANG_WARN_COMMA = YES;
				CLANG_WARN_CONSTANT_CONVERSION = YES;
				CLANG_WARN_DEPRECATED_OBJC_IMPLEMENTATIONS = YES;
				CLANG_WARN_DIRECT_OBJC_ISA_USAGE = YES_ERROR;
				CLANG_WARN_DOCUMENTATION_COMMENTS = YES;
				CLANG_WARN_EMPTY_BODY = YES;
				CLANG_WARN_ENUM_CONVERSION = YES;
				CLANG_WARN_INFINITE_RECURSION = YES;
				CLANG_WARN_INT_CONVERSION = YES;
				CLANG_WARN_NON_LITERAL_NULL_CONVERSION = YES;
				CLANG_WARN_OBJC_IMPLICIT_RETAIN_SELF = YES;
				CLANG_WARN_OBJC_LITERAL_CONVERSION = YES;
				CLANG_WARN_OBJC_ROOT_CLASS = YES_ERROR;
				CLANG_WARN_QUOTED_INCLUDE_IN_FRAMEWORK_HEADER = YES;
				CLANG_WARN_RANGE_LOOP_ANALYSIS = YES;
				CLANG_WARN_STRICT_PROTOTYPES = YES;
				CLANG_WARN_SUSPICIOUS_MOVE = YES;
				CLANG_WARN_UNGUARDED_AVAILABILITY = YES_AGGRESSIVE;
				CLANG_WARN_UNREACHABLE_CODE = YES;
				CLANG_WARN__DUPLICATE_METHOD_MATCH = YES;
				COPY_PHASE_STRIP = NO;
				DEAD_CODE_STRIPPING = YES;
				DEBUG_INFORMATION_FORMAT = dwarf;
				DEVELOPMENT_TEAM = MK2V998W66;
				ENABLE_STRICT_OBJC_MSGSEND = YES;
				ENABLE_TESTABILITY = YES;
				ENABLE_USER_SCRIPT_SANDBOXING = YES;
				GCC_C_LANGUAGE_STANDARD = gnu17;
				GCC_DYNAMIC_NO_PIC = NO;
				GCC_NO_COMMON_BLOCKS = YES;
				GCC_OPTIMIZATION_LEVEL = 0;
				GCC_PREPROCESSOR_DEFINITIONS = (
					"DEBUG=1",
					"$(inherited)",
				);
				GCC_WARN_64_TO_32_BIT_CONVERSION = YES;
				GCC_WARN_ABOUT_RETURN_TYPE = YES_ERROR;
				GCC_WARN_UNDECLARED_SELECTOR = YES;
				GCC_WARN_UNINITIALIZED_AUTOS = YES_AGGRESSIVE;
				GCC_WARN_UNUSED_FUNCTION = YES;
				GCC_WARN_UNUSED_VARIABLE = YES;
				LOCALIZATION_PREFERS_STRING_CATALOGS = YES;
				MTL_ENABLE_DEBUG_INFO = INCLUDE_SOURCE;
				MTL_FAST_MATH = YES;
				ONLY_ACTIVE_ARCH = YES;
				STRING_CATALOG_GENERATE_SYMBOLS = YES;
				SWIFT_ACTIVE_COMPILATION_CONDITIONS = "DEBUG $(inherited)";
				SWIFT_EMIT_LOC_STRINGS = YES;
				SWIFT_OPTIMIZATION_LEVEL = "-Onone";
			};
			name = Debug;
		};
		420B4BDB2E359241006DD68B /* Release */ = {
			isa = XCBuildConfiguration;
			buildSettings = {
				ALWAYS_SEARCH_USER_PATHS = NO;
				ASSETCATALOG_COMPILER_GENERATE_SWIFT_ASSET_SYMBOL_EXTENSIONS = YES;
				CLANG_ANALYZER_LOCALIZABILITY_NONLOCALIZED = YES;
				CLANG_ANALYZER_NONNULL = YES;
				CLANG_ANALYZER_NUMBER_OBJECT_CONVERSION = YES_AGGRESSIVE;
				CLANG_CXX_LANGUAGE_STANDARD = "gnu++20";
				CLANG_ENABLE_MODULES = YES;
				CLANG_ENABLE_OBJC_ARC = YES;
				CLANG_ENABLE_OBJC_WEAK = YES;
				CLANG_WARN_BLOCK_CAPTURE_AUTORELEASING = YES;
				CLANG_WARN_BOOL_CONVERSION = YES;
				CLANG_WARN_COMMA = YES;
				CLANG_WARN_CONSTANT_CONVERSION = YES;
				CLANG_WARN_DEPRECATED_OBJC_IMPLEMENTATIONS = YES;
				CLANG_WARN_DIRECT_OBJC_ISA_USAGE = YES_ERROR;
				CLANG_WARN_DOCUMENTATION_COMMENTS = YES;
				CLANG_WARN_EMPTY_BODY = YES;
				CLANG_WARN_ENUM_CONVERSION = YES;
				CLANG_WARN_INFINITE_RECURSION = YES;
				CLANG_WARN_INT_CONVERSION = YES;
				CLANG_WARN_NON_LITERAL_NULL_CONVERSION = YES;
				CLANG_WARN_OBJC_IMPLICIT_RETAIN_SELF = YES;
				CLANG_WARN_OBJC_LITERAL_CONVERSION = YES;
				CLANG_WARN_OBJC_ROOT_CLASS = YES_ERROR;
				CLANG_WARN_QUOTED_INCLUDE_IN_FRAMEWORK_HEADER = YES;
				CLANG_WARN_RANGE_LOOP_ANALYSIS = YES;
				CLANG_WARN_STRICT_PROTOTYPES = YES;
				CLANG_WARN_SUSPICIOUS_MOVE = YES;
				CLANG_WARN_UNGUARDED_AVAILABILITY = YES_AGGRESSIVE;
				CLANG_WARN_UNREACHABLE_CODE = YES;
				CLANG_WARN__DUPLICATE_METHOD_MATCH = YES;
				COPY_PHASE_STRIP = NO;
				DEAD_CODE_STRIPPING = YES;
				DEBUG_INFORMATION_FORMAT = "dwarf-with-dsym";
				DEVELOPMENT_TEAM = MK2V998W66;
				ENABLE_NS_ASSERTIONS = NO;
				ENABLE_STRICT_OBJC_MSGSEND = YES;
				ENABLE_USER_SCRIPT_SANDBOXING = YES;
				GCC_C_LANGUAGE_STANDARD = gnu17;
				GCC_NO_COMMON_BLOCKS = YES;
				GCC_WARN_64_TO_32_BIT_CONVERSION = YES;
				GCC_WARN_ABOUT_RETURN_TYPE = YES_ERROR;
				GCC_WARN_UNDECLARED_SELECTOR = YES;
				GCC_WARN_UNINITIALIZED_AUTOS = YES_AGGRESSIVE;
				GCC_WARN_UNUSED_FUNCTION = YES;
				GCC_WARN_UNUSED_VARIABLE = YES;
				LOCALIZATION_PREFERS_STRING_CATALOGS = YES;
				MTL_ENABLE_DEBUG_INFO = NO;
				MTL_FAST_MATH = YES;
				STRING_CATALOG_GENERATE_SYMBOLS = YES;
				SWIFT_COMPILATION_MODE = wholemodule;
				SWIFT_EMIT_LOC_STRINGS = YES;
			};
			name = Release;
		};
/* End XCBuildConfiguration section */

/* Begin XCConfigurationList section */
		420B4BC42E359240006DD68B /* Build configuration list for PBXProject "ResumeCraft" */ = {
			isa = XCConfigurationList;
			buildConfigurations = (
				420B4BDA2E359241006DD68B /* Debug */,
				420B4BDB2E359241006DD68B /* Release */,
			);
			defaultConfigurationIsVisible = 0;
			defaultConfigurationName = Release;
		};
		420B4BD72E359241006DD68B /* Build configuration list for PBXNativeTarget "ResumeCraft" */ = {
			isa = XCConfigurationList;
			buildConfigurations = (
				420B4BD82E359241006DD68B /* Debug */,
				420B4BD92E359241006DD68B /* Release */,
			);
			defaultConfigurationIsVisible = 0;
			defaultConfigurationName = Release;
		};
/* End XCConfigurationList section */

/* Begin XCRemoteSwiftPackageReference section */
		420B4C772E359EF2006DD68B /* XCRemoteSwiftPackageReference "mlx-swift-examples" */ = {
			isa = XCRemoteSwiftPackageReference;
			repositoryURL = "https://github.com/ml-explore/mlx-swift-examples/";
			requirement = {
				branch = main;
				kind = branch;
			};
		};
		42273DBB2E36291F008B39AE /* XCRemoteSwiftPackageReference "tppdf" */ = {
			isa = XCRemoteSwiftPackageReference;
			repositoryURL = "https://github.com/techprimate/tppdf.git";
			requirement = {
				branch = main;
				kind = branch;
			};
		};
		4249BA082E35C5FE003B1CB5 /* XCRemoteSwiftPackageReference "swift-markdown-ui" */ = {
			isa = XCRemoteSwiftPackageReference;
			repositoryURL = "https://github.com/gonzalezreal/swift-markdown-ui.git";
			requirement = {
				kind = upToNextMajorVersion;
				minimumVersion = 2.4.1;
			};
		};
		42B76F172E44051C000085D5 /* XCRemoteSwiftPackageReference "aiproxyswift" */ = {
			isa = XCRemoteSwiftPackageReference;
			repositoryURL = "https://github.com/lzell/aiproxyswift";
			requirement = {
				kind = upToNextMajorVersion;
				minimumVersion = 0.124.0;
			};
		};
/* End XCRemoteSwiftPackageReference section */

/* Begin XCSwiftPackageProductDependency section */
		420B4C782E359EF2006DD68B /* MLXEmbedders */ = {
			isa = XCSwiftPackageProductDependency;
			package = 420B4C772E359EF2006DD68B /* XCRemoteSwiftPackageReference "mlx-swift-examples" */;
			productName = MLXEmbedders;
		};
		420B4C7A2E359EF2006DD68B /* MLXLLM */ = {
			isa = XCSwiftPackageProductDependency;
			package = 420B4C772E359EF2006DD68B /* XCRemoteSwiftPackageReference "mlx-swift-examples" */;
			productName = MLXLLM;
		};
		420B4C7C2E359EF2006DD68B /* MLXLMCommon */ = {
			isa = XCSwiftPackageProductDependency;
			package = 420B4C772E359EF2006DD68B /* XCRemoteSwiftPackageReference "mlx-swift-examples" */;
			productName = MLXLMCommon;
		};
		420B4C7E2E359EF2006DD68B /* MLXMNIST */ = {
			isa = XCSwiftPackageProductDependency;
			package = 420B4C772E359EF2006DD68B /* XCRemoteSwiftPackageReference "mlx-swift-examples" */;
			productName = MLXMNIST;
		};
		420B4C802E359EF2006DD68B /* MLXVLM */ = {
			isa = XCSwiftPackageProductDependency;
			package = 420B4C772E359EF2006DD68B /* XCRemoteSwiftPackageReference "mlx-swift-examples" */;
			productName = MLXVLM;
		};
		42273DBC2E36291F008B39AE /* TPPDF */ = {
			isa = XCSwiftPackageProductDependency;
			package = 42273DBB2E36291F008B39AE /* XCRemoteSwiftPackageReference "tppdf" */;
			productName = TPPDF;
		};
		4249BA092E35C5FE003B1CB5 /* MarkdownUI */ = {
			isa = XCSwiftPackageProductDependency;
			package = 4249BA082E35C5FE003B1CB5 /* XCRemoteSwiftPackageReference "swift-markdown-ui" */;
			productName = MarkdownUI;
		};
		42B76F182E44051C000085D5 /* AIProxy */ = {
			isa = XCSwiftPackageProductDependency;
			package = 42B76F172E44051C000085D5 /* XCRemoteSwiftPackageReference "aiproxyswift" */;
			productName = AIProxy;
		};
/* End XCSwiftPackageProductDependency section */
	};
	rootObject = 420B4BC12E359240006DD68B /* Project object */;
}
